Microsoft Visual Studio Solution File, Format Version 12.00
# Visual Studio 2012
Project("{FAE04EC0-301F-11D3-BF4B-00C04F79EFBC}") = "TheScaliDemo", "TheScaliDemo.csproj", "{1A35BAAE-0FD3-4CDC-AE6B-FBFCB951FFAA}"
EndProject
Global
	GlobalSection(SolutionConfigurationPlatforms) = preSolution
	Debug|Any CPU = Debug|Any CPU
	ExportDebug|Any CPU = ExportDebug|Any CPU
	ExportRelease|Any CPU = ExportRelease|Any CPU
	EndGlobalSection
	GlobalSection(ProjectConfigurationPlatforms) = postSolution
		{1A35BAAE-0FD3-4CDC-AE6B-FBFCB951FFAA}.Debug|Any CPU.ActiveCfg = Debug|Any CPU
		{1A35BAAE-0FD3-4CDC-AE6B-FBFCB951FFAA}.Debug|Any CPU.Build.0 = Debug|Any CPU
		{1A35BAAE-0FD3-4CDC-AE6B-FBFCB951FFAA}.ExportDebug|Any CPU.ActiveCfg = ExportDebug|Any CPU
		{1A35BAAE-0FD3-4CDC-AE6B-FBFCB951FFAA}.ExportDebug|Any CPU.Build.0 = ExportDebug|Any CPU
		{1A35BAAE-0FD3-4CDC-AE6B-FBFCB951FFAA}.ExportRelease|Any CPU.ActiveCfg = ExportRelease|Any CPU
		{1A35BAAE-0FD3-4CDC-AE6B-FBFCB951FFAA}.ExportRelease|Any CPU.Build.0 = ExportRelease|Any CPU
	EndGlobalSection
EndGlobal
